# This file is automatically @generated by Cargo.
# It is not intended for manual editing.
version = 4

[[package]]
name = "dexdeck"
version = "0.2.0"
dependencies = [
 "dexdeck-android",
 "dexdeck-config",
 "dexdeck-core",
 "dexdeck-gradle",
 "dexdeck-protocol",
 "dexdeck-tui",
]

[[package]]
name = "dexdeck-android"
version = "0.2.0"

[[package]]
name = "dexdeck-config"
version = "0.2.0"

[[package]]
name = "dexdeck-core"
version = "0.2.0"

[[package]]
name = "dexdeck-gradle"
version = "0.2.0"

[[package]]
name = "dexdeck-protocol"
version = "0.2.0"

[[package]]
name = "dexdeck-test-support"
version = "0.2.0"

[[package]]
name = "dexdeck-tui"
version = "0.2.0"
